
Microsoft Visual Studio Solution File, Format Version 12.00
# Visual Studio 14
VisualStudioVersion = 14.0.24720.0
MinimumVisualStudioVersion = 10.0.40219.1
Project("{FAE04EC0-301F-11D3-BF4B-00C04F79EFBC}") = "SchJan.Akka", "SchJan.Akka\SchJan.Akka.csproj", "{7292E9D5-47A0-47E3-8EF2-B7082F5D072E}"
EndProject
Project("{FAE04EC0-301F-11D3-BF4B-00C04F79EFBC}") = "SchJan.Akka.Tests", "SchJan.Akka.Tests\SchJan.Akka.Tests.csproj", "{EA25000D-B3E6-458B-9339-EBC1B4317056}"
EndProject
Global
	GlobalSection(SolutionConfigurationPlatforms) = preSolution
		Debug|Any CPU = Debug|Any CPU
		Release|Any CPU = Release|Any CPU
	EndGlobalSection
	GlobalSection(ProjectConfigurationPlatforms) = postSolution
		{7292E9D5-47A0-47E3-8EF2-B7082F5D072E}.Debug|Any CPU.ActiveCfg = Debug|Any CPU
		{7292E9D5-47A0-47E3-8EF2-B7082F5D072E}.Debug|Any CPU.Build.0 = Debug|Any CPU
		{7292E9D5-47A0-47E3-8EF2-B7082F5D072E}.Release|Any CPU.ActiveCfg = Release|Any CPU
		{7292E9D5-47A0-47E3-8EF2-B7082F5D072E}.Release|Any CPU.Build.0 = Release|Any CPU
		{EA25000D-B3E6-458B-9339-EBC1B4317056}.Debug|Any CPU.ActiveCfg = Debug|Any CPU
		{EA25000D-B3E6-458B-9339-EBC1B4317056}.Debug|Any CPU.Build.0 = Debug|Any CPU
		{EA25000D-B3E6-458B-9339-EBC1B4317056}.Release|Any CPU.ActiveCfg = Release|Any CPU
		{EA25000D-B3E6-458B-9339-EBC1B4317056}.Release|Any CPU.Build.0 = Release|Any CPU
	EndGlobalSection
	GlobalSection(SolutionProperties) = preSolution
		HideSolutionNode = FALSE
	EndGlobalSection
EndGlobal
